# THIS IS AN AUTOGENERATED FILE. DO NOT EDIT THIS FILE DIRECTLY.
# yarn lockfile v1


loglevel@1.4.1:
  version "1.4.1"
  resolved "https://registry.yarnpkg.com/loglevel/-/loglevel-1.4.1.tgz#95b383f91a3c2756fd4ab093667e4309161f2bcd"
  integrity sha1-lbOD+Ro8J1b9SrCTZn5DCRYfK80=

roundware-web-framework@thoughtworksarts/roundware-web-framework#speak:
  version "0.0.1-alpha.10"
  resolved "https://codeload.github.com/thoughtworksarts/roundware-web-framework/tar.gz/b50e400967c5cc1008cfc9d409bb1eaf98c2ac3a"
  dependencies:
    loglevel "1.4.1"
